{
  "requires": true,
  "lockfileVersion": 1,
  "dependencies": {
    "clone": {
      "version": "1.0.4",
      "resolved": "https://registry.npmjs.org/clone/-/clone-1.0.4.tgz",
      "integrity": "sha1-2jCcwmPfFZlMaIypAheco8fNfH4="
    },
    "contains": {
      "version": "0.1.1",
      "resolved": "https://registry.npmjs.org/contains/-/contains-0.1.1.tgz",
      "integrity": "sha1-CHqH4x5qzzmckwS3bDV1dy+23KY="
    },
    "escape-html": {
      "version": "1.0.3",
      "resolved": "https://registry.npmjs.org/escape-html/-/escape-html-1.0.3.tgz",
      "integrity": "sha1-Aljq5NPQwJdN4cFpGI7wBR0dGYg="
    },
    "hasown": {
      "version": "1.0.1",
      "resolved": "https://registry.npmjs.org/hasown/-/hasown-1.0.1.tgz",
      "integrity": "sha1-tk/xVwZzugbMXQGDwKTwtbG9ZFk="
    },
    "jquery": {
      "version": "3.4.1",
      "resolved": "https://registry.npmjs.org/jquery/-/jquery-3.4.1.tgz",
      "integrity": "sha512-36+AdBzCL+y6qjw5Tx7HgzeGCzC81MDDgaUP8ld2zhx58HdqXGoBd+tHdrBMiyjGQs0Hxs/MLZTu/eHNJJuWPw=="
    },
    "matches-selector": {
      "version": "1.2.0",
      "resolved": "https://registry.npmjs.org/matches-selector/-/matches-selector-1.2.0.tgz",
      "integrity": "sha512-c4vLwYWyl+Ji+U43eU/G5FwxWd4ZH0ePUsFs5y0uwD9HUEFBXUQ1zUUan+78IpRD+y4pUfG0nAzNM292K7ItvA=="
    },
    "newify": {
      "version": "1.1.9",
      "resolved": "https://registry.npmjs.org/newify/-/newify-1.1.9.tgz",
      "integrity": "sha1-P1mb0dRKTDiFGhvSW7tvfE1y2P8="
    },
    "object-assign": {
      "version": "3.0.0",
      "resolved": "https://registry.npmjs.org/object-assign/-/object-assign-3.0.0.tgz",
      "integrity": "sha1-m+3VygiXlJvKR+f/QIBi1Un1h/I="
    },
    "react-style-normalizer": {
      "version": "1.2.8",
      "resolved": "https://registry.npmjs.org/react-style-normalizer/-/react-style-normalizer-1.2.8.tgz",
      "integrity": "sha1-foSz0lzqYiVUXFr2iWOyJYhTRKI="
    },
    "region": {
      "version": "2.1.2",
      "resolved": "https://registry.npmjs.org/region/-/region-2.1.2.tgz",
      "integrity": "sha1-z9lYaK+8SeTHoFO2d7xaCYXCmvo=",
      "requires": {
        "hasown": "1.0.1",
        "newify": "1.1.9",
        "object-assign": "2.1.1"
      },
      "dependencies": {
        "object-assign": {
          "version": "2.1.1",
          "resolved": "https://registry.npmjs.org/object-assign/-/object-assign-2.1.1.tgz",
          "integrity": "sha1-Q8NuXVaf+OSBbE76i+AtJpZ8GKo="
        }
      }
    },
    "region-align": {
      "version": "2.1.3",
      "resolved": "https://registry.npmjs.org/region-align/-/region-align-2.1.3.tgz",
      "integrity": "sha1-el67ne/z0pwz0jWYx6AD07/eCl4=",
      "requires": {
        "object-assign": "4.1.1",
        "region": "2.1.2"
      },
      "dependencies": {
        "object-assign": {
          "version": "4.1.1",
          "resolved": "https://registry.npmjs.org/object-assign/-/object-assign-4.1.1.tgz",
          "integrity": "sha1-IQmtx5ZYh8/AXLvUQsrIv7s2CGM="
        }
      }
    },
    "to-style": {
      "version": "1.3.3",
      "resolved": "https://registry.npmjs.org/to-style/-/to-style-1.3.3.tgz",
      "integrity": "sha1-Y6K3Cm9KfU/cLtV6C+TnI1y2aZw="
    },
    "tooltippy": {
      "version": "1.0.0",
      "resolved": "https://registry.npmjs.org/tooltippy/-/tooltippy-1.0.0.tgz",
      "integrity": "sha512-9g+5k6WApW6imwBgNO+GkA4wZuG7eGQm1OwmjzYxLvpmiS9wSF5GlbdoYpgyvsgILtjx9XP4/wIdfl1BhpFF3w=="
    }
  }
}
