{
  "requires": true,
  "lockfileVersion": 1,
  "dependencies": {
    "datatables": {
      "version": "1.10.18",
      "resolved": "https://registry.npmjs.org/datatables/-/datatables-1.10.18.tgz",
      "integrity": "sha512-ntatMgS9NN6UMpwbmO+QkYJuKlVeMA2Mi0Gu/QxyIh+dW7ZjLSDhPT2tWlzjpIWEkDYgieDzS9Nu7bdQCW0sbQ==",
      "requires": {
        "jquery": ">=1.7"
      }
    },
    "jquery": {
      "version": "3.4.1",
      "resolved": "https://registry.npmjs.org/jquery/-/jquery-3.4.1.tgz",
      "integrity": "sha512-36+AdBzCL+y6qjw5Tx7HgzeGCzC81MDDgaUP8ld2zhx58HdqXGoBd+tHdrBMiyjGQs0Hxs/MLZTu/eHNJJuWPw=="
    }
  }
}
